// !$*UTF8*$!
{
	archiveVersion = 1;
	classes = {
	};
	objectVersion = 56;
	objects = {

/* Begin PBXBuildFile section */
		5BCDEF4C2D50FAB900C2ADBC /* sourcesync_sdk_ui_iosApp.swift in Sources */ = {isa = PBXBuildFile; fileRef = 5BCDEF4B2D50FAB900C2ADBC /* sourcesync_sdk_ui_iosApp.swift */; };
		5BCDEF4E2D50FAB900C2ADBC /* ContentView.swift in Sources */ = {isa = PBXBuildFile; fileRef = 5BCDEF4D2D50FAB900C2ADBC /* ContentView.swift */; };
		5BCDEF502D50FABC00C2ADBC /* Assets.xcassets in Resources */ = {isa = PBXBuildFile; fileRef = 5BCDEF4F2D50FABC00C2ADBC /* Assets.xcassets */; };
		5BCDEF532D50FABC00C2ADBC /* Preview Assets.xcassets in Resources */ = {isa = PBXBuildFile; fileRef = 5BCDEF522D50FABC00C2ADBC /* Preview Assets.xcassets */; };
		5BCDEF5D2D50FABC00C2ADBC /* sourcesync_sdk_ui_iosTests.swift in Sources */ = {isa = PBXBuildFile; fileRef = 5BCDEF5C2D50FABC00C2ADBC /* sourcesync_sdk_ui_iosTests.swift */; };
		5BCDEF672D50FABC00C2ADBC /* sourcesync_sdk_ui_iosUITests.swift in Sources */ = {isa = PBXBuildFile; fileRef = 5BCDEF662D50FABC00C2ADBC /* sourcesync_sdk_ui_iosUITests.swift */; };
		5BCDEF692D50FABC00C2ADBC /* sourcesync_sdk_ui_iosUITestsLaunchTests.swift in Sources */ = {isa = PBXBuildFile; fileRef = 5BCDEF682D50FABC00C2ADBC /* sourcesync_sdk_ui_iosUITestsLaunchTests.swift */; };
		5BCDEF7A2D50FB8F00C2ADBC /* Activation.swift in Sources */ = {isa = PBXBuildFile; fileRef = 5BCDEF792D50FB8F00C2ADBC /* Activation.swift */; };
		5BCDEF7C2D50FBAA00C2ADBC /* ActivationPreview.swift in Sources */ = {isa = PBXBuildFile; fileRef = 5BCDEF7B2D50FBAA00C2ADBC /* ActivationPreview.swift */; };
		5BCDEF7E2D50FBCA00C2ADBC /* ActivationDetail.swift in Sources */ = {isa = PBXBuildFile; fileRef = 5BCDEF7D2D50FBCA00C2ADBC /* ActivationDetail.swift */; };
		5BCDEF802D50FBDF00C2ADBC /* SegmentProcessor.swift in Sources */ = {isa = PBXBuildFile; fileRef = 5BCDEF7F2D50FBDF00C2ADBC /* SegmentProcessor.swift */; };
		5BCDEF832D5101A100C2ADBC /* TextSegmentProcessor.swift in Sources */ = {isa = PBXBuildFile; fileRef = 5BCDEF822D5101A100C2ADBC /* TextSegmentProcessor.swift */; };
		5BCDEF852D5101AF00C2ADBC /* ImageSegmentProcessor.swift in Sources */ = {isa = PBXBuildFile; fileRef = 5BCDEF842D5101AF00C2ADBC /* ImageSegmentProcessor.swift */; };
		5BCDEF872D5101BE00C2ADBC /* ButtonSegmentProcessor.swift in Sources */ = {isa = PBXBuildFile; fileRef = 5BCDEF862D5101BE00C2ADBC /* ButtonSegmentProcessor.swift */; };
		5BCDEF892D5101CC00C2ADBC /* RowSegmentProcessor.swift in Sources */ = {isa = PBXBuildFile; fileRef = 5BCDEF882D5101CC00C2ADBC /* RowSegmentProcessor.swift */; };
		5BCDEF8B2D5101DF00C2ADBC /* ColumnSegmentProcessor.swift in Sources */ = {isa = PBXBuildFile; fileRef = 5BCDEF8A2D5101DF00C2ADBC /* ColumnSegmentProcessor.swift */; };
		5BCDEF8D2D51020A00C2ADBC /* SegmentProcessorFactory.swift in Sources */ = {isa = PBXBuildFile; fileRef = 5BCDEF8C2D51020A00C2ADBC /* SegmentProcessorFactory.swift */; };
		5BCDEF8F2D51022300C2ADBC /* LayoutUtils.swift in Sources */ = {isa = PBXBuildFile; fileRef = 5BCDEF8E2D51022300C2ADBC /* LayoutUtils.swift */; };
		5BCDEF912D51023600C2ADBC /* SegmentAttributes.swift in Sources */ = {isa = PBXBuildFile; fileRef = 5BCDEF902D51023600C2ADBC /* SegmentAttributes.swift */; };
		5BCDEF932D513E1E00C2ADBC /* Extensions.swift in Sources */ = {isa = PBXBuildFile; fileRef = 5BCDEF922D513E1D00C2ADBC /* Extensions.swift */; };
		5BCDEF952D52AED700C2ADBC /* ActivationHeader.swift in Sources */ = {isa = PBXBuildFile; fileRef = 5BCDEF942D52AED700C2ADBC /* ActivationHeader.swift */; };
/* End PBXBuildFile section */

/* Begin PBXContainerItemProxy section */
		5BCDEF592D50FABC00C2ADBC /* PBXContainerItemProxy */ = {
			isa = PBXContainerItemProxy;
			containerPortal = 5BCDEF402D50FAB900C2ADBC /* Project object */;
			proxyType = 1;
			remoteGlobalIDString = 5BCDEF472D50FAB900C2ADBC;
			remoteInfo = "sourcesync-sdk-ui-ios";
		};
		5BCDEF632D50FABC00C2ADBC /* PBXContainerItemProxy */ = {
			isa = PBXContainerItemProxy;
			containerPortal = 5BCDEF402D50FAB900C2ADBC /* Project object */;
			proxyType = 1;
			remoteGlobalIDString = 5BCDEF472D50FAB900C2ADBC;
			remoteInfo = "sourcesync-sdk-ui-ios";
		};
/* End PBXContainerItemProxy section */

/* Begin PBXFileReference section */
		5BCDEF482D50FAB900C2ADBC /* sourcesync-sdk-ui-ios.app */ = {isa = PBXFileReference; explicitFileType = wrapper.application; includeInIndex = 0; path = "sourcesync-sdk-ui-ios.app"; sourceTree = BUILT_PRODUCTS_DIR; };
		5BCDEF4B2D50FAB900C2ADBC /* sourcesync_sdk_ui_iosApp.swift */ = {isa = PBXFileReference; lastKnownFileType = sourcecode.swift; path = sourcesync_sdk_ui_iosApp.swift; sourceTree = "<group>"; };
		5BCDEF4D2D50FAB900C2ADBC /* ContentView.swift */ = {isa = PBXFileReference; lastKnownFileType = sourcecode.swift; path = ContentView.swift; sourceTree = "<group>"; };
		5BCDEF4F2D50FABC00C2ADBC /* Assets.xcassets */ = {isa = PBXFileReference; lastKnownFileType = folder.assetcatalog; path = Assets.xcassets; sourceTree = "<group>"; };
		5BCDEF522D50FABC00C2ADBC /* Preview Assets.xcassets */ = {isa = PBXFileReference; lastKnownFileType = folder.assetcatalog; path = "Preview Assets.xcassets"; sourceTree = "<group>"; };
		5BCDEF582D50FABC00C2ADBC /* sourcesync-sdk-ui-iosTests.xctest */ = {isa = PBXFileReference; explicitFileType = wrapper.cfbundle; includeInIndex = 0; path = "sourcesync-sdk-ui-iosTests.xctest"; sourceTree = BUILT_PRODUCTS_DIR; };
		5BCDEF5C2D50FABC00C2ADBC /* sourcesync_sdk_ui_iosTests.swift */ = {isa = PBXFileReference; lastKnownFileType = sourcecode.swift; path = sourcesync_sdk_ui_iosTests.swift; sourceTree = "<group>"; };
		5BCDEF622D50FABC00C2ADBC /* sourcesync-sdk-ui-iosUITests.xctest */ = {isa = PBXFileReference; explicitFileType = wrapper.cfbundle; includeInIndex = 0; path = "sourcesync-sdk-ui-iosUITests.xctest"; sourceTree = BUILT_PRODUCTS_DIR; };
		5BCDEF662D50FABC00C2ADBC /* sourcesync_sdk_ui_iosUITests.swift */ = {isa = PBXFileReference; lastKnownFileType = sourcecode.swift; path = sourcesync_sdk_ui_iosUITests.swift; sourceTree = "<group>"; };
		5BCDEF682D50FABC00C2ADBC /* sourcesync_sdk_ui_iosUITestsLaunchTests.swift */ = {isa = PBXFileReference; lastKnownFileType = sourcecode.swift; path = sourcesync_sdk_ui_iosUITestsLaunchTests.swift; sourceTree = "<group>"; };
		5BCDEF792D50FB8F00C2ADBC /* Activation.swift */ = {isa = PBXFileReference; lastKnownFileType = sourcecode.swift; path = Activation.swift; sourceTree = "<group>"; };
		5BCDEF7B2D50FBAA00C2ADBC /* ActivationPreview.swift */ = {isa = PBXFileReference; lastKnownFileType = sourcecode.swift; path = ActivationPreview.swift; sourceTree = "<group>"; };
		5BCDEF7D2D50FBCA00C2ADBC /* ActivationDetail.swift */ = {isa = PBXFileReference; lastKnownFileType = sourcecode.swift; path = ActivationDetail.swift; sourceTree = "<group>"; };
		5BCDEF7F2D50FBDF00C2ADBC /* SegmentProcessor.swift */ = {isa = PBXFileReference; lastKnownFileType = sourcecode.swift; path = SegmentProcessor.swift; sourceTree = "<group>"; };
		5BCDEF822D5101A100C2ADBC /* TextSegmentProcessor.swift */ = {isa = PBXFileReference; lastKnownFileType = sourcecode.swift; path = TextSegmentProcessor.swift; sourceTree = "<group>"; };
		5BCDEF842D5101AF00C2ADBC /* ImageSegmentProcessor.swift */ = {isa = PBXFileReference; lastKnownFileType = sourcecode.swift; path = ImageSegmentProcessor.swift; sourceTree = "<group>"; };
		5BCDEF862D5101BE00C2ADBC /* ButtonSegmentProcessor.swift */ = {isa = PBXFileReference; lastKnownFileType = sourcecode.swift; path = ButtonSegmentProcessor.swift; sourceTree = "<group>"; };
		5BCDEF882D5101CC00C2ADBC /* RowSegmentProcessor.swift */ = {isa = PBXFileReference; lastKnownFileType = sourcecode.swift; path = RowSegmentProcessor.swift; sourceTree = "<group>"; };
		5BCDEF8A2D5101DF00C2ADBC /* ColumnSegmentProcessor.swift */ = {isa = PBXFileReference; lastKnownFileType = sourcecode.swift; path = ColumnSegmentProcessor.swift; sourceTree = "<group>"; };
		5BCDEF8C2D51020A00C2ADBC /* SegmentProcessorFactory.swift */ = {isa = PBXFileReference; lastKnownFileType = sourcecode.swift; path = SegmentProcessorFactory.swift; sourceTree = "<group>"; };
		5BCDEF8E2D51022300C2ADBC /* LayoutUtils.swift */ = {isa = PBXFileReference; lastKnownFileType = sourcecode.swift; path = LayoutUtils.swift; sourceTree = "<group>"; };
		5BCDEF902D51023600C2ADBC /* SegmentAttributes.swift */ = {isa = PBXFileReference; lastKnownFileType = sourcecode.swift; path = SegmentAttributes.swift; sourceTree = "<group>"; };
		5BCDEF922D513E1D00C2ADBC /* Extensions.swift */ = {isa = PBXFileReference; lastKnownFileType = sourcecode.swift; path = Extensions.swift; sourceTree = "<group>"; };
		5BCDEF942D52AED700C2ADBC /* ActivationHeader.swift */ = {isa = PBXFileReference; lastKnownFileType = sourcecode.swift; path = ActivationHeader.swift; sourceTree = "<group>"; };
/* End PBXFileReference section */

/* Begin PBXFrameworksBuildPhase section */
		5BCDEF452D50FAB900C2ADBC /* Frameworks */ = {
			isa = PBXFrameworksBuildPhase;
			buildActionMask = 2147483647;
			files = (
			);
			runOnlyForDeploymentPostprocessing = 0;
		};
		5BCDEF552D50FABC00C2ADBC /* Frameworks */ = {
			isa = PBXFrameworksBuildPhase;
			buildActionMask = 2147483647;
			files = (
			);
			runOnlyForDeploymentPostprocessing = 0;
		};
		5BCDEF5F2D50FABC00C2ADBC /* Frameworks */ = {
			isa = PBXFrameworksBuildPhase;
			buildActionMask = 2147483647;
			files = (
			);
			runOnlyForDeploymentPostprocessing = 0;
		};
/* End PBXFrameworksBuildPhase section */

/* Begin PBXGroup section */
		5BCDEF3F2D50FAB900C2ADBC = {
			isa = PBXGroup;
			children = (
				5BCDEF772D50FB5800C2ADBC /* utils */,
				5BCDEF762D50FB5000C2ADBC /* segments */,
				5BCDEF752D50FB4300C2ADBC /* core */,
				5BCDEF4A2D50FAB900C2ADBC /* sourcesync-sdk-ui-ios */,
				5BCDEF5B2D50FABC00C2ADBC /* sourcesync-sdk-ui-iosTests */,
				5BCDEF652D50FABC00C2ADBC /* sourcesync-sdk-ui-iosUITests */,
				5BCDEF492D50FAB900C2ADBC /* Products */,
			);
			sourceTree = "<group>";
		};
		5BCDEF492D50FAB900C2ADBC /* Products */ = {
			isa = PBXGroup;
			children = (
				5BCDEF482D50FAB900C2ADBC /* sourcesync-sdk-ui-ios.app */,
				5BCDEF582D50FABC00C2ADBC /* sourcesync-sdk-ui-iosTests.xctest */,
				5BCDEF622D50FABC00C2ADBC /* sourcesync-sdk-ui-iosUITests.xctest */,
			);
			name = Products;
			sourceTree = "<group>";
		};
		5BCDEF4A2D50FAB900C2ADBC /* sourcesync-sdk-ui-ios */ = {
			isa = PBXGroup;
			children = (
				5BCDEF4B2D50FAB900C2ADBC /* sourcesync_sdk_ui_iosApp.swift */,
				5BCDEF4D2D50FAB900C2ADBC /* ContentView.swift */,
				5BCDEF4F2D50FABC00C2ADBC /* Assets.xcassets */,
				5BCDEF512D50FABC00C2ADBC /* Preview Content */,
			);
			path = "sourcesync-sdk-ui-ios";
			sourceTree = "<group>";
		};
		5BCDEF512D50FABC00C2ADBC /* Preview Content */ = {
			isa = PBXGroup;
			children = (
				5BCDEF522D50FABC00C2ADBC /* Preview Assets.xcassets */,
			);
			path = "Preview Content";
			sourceTree = "<group>";
		};
		5BCDEF5B2D50FABC00C2ADBC /* sourcesync-sdk-ui-iosTests */ = {
			isa = PBXGroup;
			children = (
				5BCDEF5C2D50FABC00C2ADBC /* sourcesync_sdk_ui_iosTests.swift */,
			);
			path = "sourcesync-sdk-ui-iosTests";
			sourceTree = "<group>";
		};
		5BCDEF652D50FABC00C2ADBC /* sourcesync-sdk-ui-iosUITests */ = {
			isa = PBXGroup;
			children = (
				5BCDEF662D50FABC00C2ADBC /* sourcesync_sdk_ui_iosUITests.swift */,
				5BCDEF682D50FABC00C2ADBC /* sourcesync_sdk_ui_iosUITestsLaunchTests.swift */,
			);
			path = "sourcesync-sdk-ui-iosUITests";
			sourceTree = "<group>";
		};
		5BCDEF752D50FB4300C2ADBC /* core */ = {
			isa = PBXGroup;
			children = (
				5BCDEF792D50FB8F00C2ADBC /* Activation.swift */,
				5BCDEF7B2D50FBAA00C2ADBC /* ActivationPreview.swift */,
				5BCDEF7D2D50FBCA00C2ADBC /* ActivationDetail.swift */,
				5BCDEF942D52AED700C2ADBC /* ActivationHeader.swift */,
			);
			path = core;
			sourceTree = "<group>";
		};
		5BCDEF762D50FB5000C2ADBC /* segments */ = {
			isa = PBXGroup;
			children = (
				5BCDEF812D50FBE500C2ADBC /* Processors */,
				5BCDEF7F2D50FBDF00C2ADBC /* SegmentProcessor.swift */,
				5BCDEF8C2D51020A00C2ADBC /* SegmentProcessorFactory.swift */,
			);
			path = segments;
			sourceTree = "<group>";
		};
		5BCDEF772D50FB5800C2ADBC /* utils */ = {
			isa = PBXGroup;
			children = (
				5BCDEF8E2D51022300C2ADBC /* LayoutUtils.swift */,
				5BCDEF902D51023600C2ADBC /* SegmentAttributes.swift */,
				5BCDEF922D513E1D00C2ADBC /* Extensions.swift */,
			);
			path = utils;
			sourceTree = "<group>";
		};
		5BCDEF812D50FBE500C2ADBC /* Processors */ = {
			isa = PBXGroup;
			children = (
				5BCDEF822D5101A100C2ADBC /* TextSegmentProcessor.swift */,
				5BCDEF842D5101AF00C2ADBC /* ImageSegmentProcessor.swift */,
				5BCDEF862D5101BE00C2ADBC /* ButtonSegmentProcessor.swift */,
				5BCDEF882D5101CC00C2ADBC /* RowSegmentProcessor.swift */,
				5BCDEF8A2D5101DF00C2ADBC /* ColumnSegmentProcessor.swift */,
			);
			path = Processors;
			sourceTree = "<group>";
		};
/* End PBXGroup section */

/* Begin PBXNativeTarget section */
		5BCDEF472D50FAB900C2ADBC /* sourcesync-sdk-ui-ios */ = {
			isa = PBXNativeTarget;
			buildConfigurationList = 5BCDEF6C2D50FABC00C2ADBC /* Build configuration list for PBXNativeTarget "sourcesync-sdk-ui-ios" */;
			buildPhases = (
				5BCDEF442D50FAB900C2ADBC /* Sources */,
				5BCDEF452D50FAB900C2ADBC /* Frameworks */,
				5BCDEF462D50FAB900C2ADBC /* Resources */,
			);
			buildRules = (
			);
			dependencies = (
			);
			name = "sourcesync-sdk-ui-ios";
			productName = "sourcesync-sdk-ui-ios";
			productReference = 5BCDEF482D50FAB900C2ADBC /* sourcesync-sdk-ui-ios.app */;
			productType = "com.apple.product-type.application";
		};
		5BCDEF572D50FABC00C2ADBC /* sourcesync-sdk-ui-iosTests */ = {
			isa = PBXNativeTarget;
			buildConfigurationList = 5BCDEF6F2D50FABC00C2ADBC /* Build configuration list for PBXNativeTarget "sourcesync-sdk-ui-iosTests" */;
			buildPhases = (
				5BCDEF542D50FABC00C2ADBC /* Sources */,
				5BCDEF552D50FABC00C2ADBC /* Frameworks */,
				5BCDEF562D50FABC00C2ADBC /* Resources */,
			);
			buildRules = (
			);
			dependencies = (
				5BCDEF5A2D50FABC00C2ADBC /* PBXTargetDependency */,
			);
			name = "sourcesync-sdk-ui-iosTests";
			productName = "sourcesync-sdk-ui-iosTests";
			productReference = 5BCDEF582D50FABC00C2ADBC /* sourcesync-sdk-ui-iosTests.xctest */;
			productType = "com.apple.product-type.bundle.unit-test";
		};
		5BCDEF612D50FABC00C2ADBC /* sourcesync-sdk-ui-iosUITests */ = {
			isa = PBXNativeTarget;
			buildConfigurationList = 5BCDEF722D50FABC00C2ADBC /* Build configuration list for PBXNativeTarget "sourcesync-sdk-ui-iosUITests" */;
			buildPhases = (
				5BCDEF5E2D50FABC00C2ADBC /* Sources */,
				5BCDEF5F2D50FABC00C2ADBC /* Frameworks */,
				5BCDEF602D50FABC00C2ADBC /* Resources */,
			);
			buildRules = (
			);
			dependencies = (
				5BCDEF642D50FABC00C2ADBC /* PBXTargetDependency */,
			);
			name = "sourcesync-sdk-ui-iosUITests";
			productName = "sourcesync-sdk-ui-iosUITests";
			productReference = 5BCDEF622D50FABC00C2ADBC /* sourcesync-sdk-ui-iosUITests.xctest */;
			productType = "com.apple.product-type.bundle.ui-testing";
		};
/* End PBXNativeTarget section */

/* Begin PBXProject section */
		5BCDEF402D50FAB900C2ADBC /* Project object */ = {
			isa = PBXProject;
			attributes = {
				BuildIndependentTargetsInParallel = 1;
				LastSwiftUpdateCheck = 1400;
				LastUpgradeCheck = 1400;
				TargetAttributes = {
					5BCDEF472D50FAB900C2ADBC = {
						CreatedOnToolsVersion = 14.0.1;
					};
					5BCDEF572D50FABC00C2ADBC = {
						CreatedOnToolsVersion = 14.0.1;
						TestTargetID = 5BCDEF472D50FAB900C2ADBC;
					};
					5BCDEF612D50FABC00C2ADBC = {
						CreatedOnToolsVersion = 14.0.1;
						TestTargetID = 5BCDEF472D50FAB900C2ADBC;
					};
				};
			};
			buildConfigurationList = 5BCDEF432D50FAB900C2ADBC /* Build configuration list for PBXProject "sourcesync-sdk-ui-ios" */;
			compatibilityVersion = "Xcode 14.0";
			developmentRegion = en;
			hasScannedForEncodings = 0;
			knownRegions = (
				en,
				Base,
			);
			mainGroup = 5BCDEF3F2D50FAB900C2ADBC;
			productRefGroup = 5BCDEF492D50FAB900C2ADBC /* Products */;
			projectDirPath = "";
			projectRoot = "";
			targets = (
				5BCDEF472D50FAB900C2ADBC /* sourcesync-sdk-ui-ios */,
				5BCDEF572D50FABC00C2ADBC /* sourcesync-sdk-ui-iosTests */,
				5BCDEF612D50FABC00C2ADBC /* sourcesync-sdk-ui-iosUITests */,
			);
		};
/* End PBXProject section */

/* Begin PBXResourcesBuildPhase section */
		5BCDEF462D50FAB900C2ADBC /* Resources */ = {
			isa = PBXResourcesBuildPhase;
			buildActionMask = 2147483647;
			files = (
				5BCDEF532D50FABC00C2ADBC /* Preview Assets.xcassets in Resources */,
				5BCDEF502D50FABC00C2ADBC /* Assets.xcassets in Resources */,
			);
			runOnlyForDeploymentPostprocessing = 0;
		};
		5BCDEF562D50FABC00C2ADBC /* Resources */ = {
			isa = PBXResourcesBuildPhase;
			buildActionMask = 2147483647;
			files = (
			);
			runOnlyForDeploymentPostprocessing = 0;
		};
		5BCDEF602D50FABC00C2ADBC /* Resources */ = {
			isa = PBXResourcesBuildPhase;
			buildActionMask = 2147483647;
			files = (
			);
			runOnlyForDeploymentPostprocessing = 0;
		};
/* End PBXResourcesBuildPhase section */

/* Begin PBXSourcesBuildPhase section */
		5BCDEF442D50FAB900C2ADBC /* Sources */ = {
			isa = PBXSourcesBuildPhase;
			buildActionMask = 2147483647;
			files = (
				5BCDEF802D50FBDF00C2ADBC /* SegmentProcessor.swift in Sources */,
				5BCDEF832D5101A100C2ADBC /* TextSegmentProcessor.swift in Sources */,
				5BCDEF8B2D5101DF00C2ADBC /* ColumnSegmentProcessor.swift in Sources */,
				5BCDEF8F2D51022300C2ADBC /* LayoutUtils.swift in Sources */,
				5BCDEF8D2D51020A00C2ADBC /* SegmentProcessorFactory.swift in Sources */,
				5BCDEF4E2D50FAB900C2ADBC /* ContentView.swift in Sources */,
				5BCDEF872D5101BE00C2ADBC /* ButtonSegmentProcessor.swift in Sources */,
				5BCDEF7A2D50FB8F00C2ADBC /* Activation.swift in Sources */,
				5BCDEF852D5101AF00C2ADBC /* ImageSegmentProcessor.swift in Sources */,
				5BCDEF7C2D50FBAA00C2ADBC /* ActivationPreview.swift in Sources */,
				5BCDEF932D513E1E00C2ADBC /* Extensions.swift in Sources */,
				5BCDEF892D5101CC00C2ADBC /* RowSegmentProcessor.swift in Sources */,
				5BCDEF952D52AED700C2ADBC /* ActivationHeader.swift in Sources */,
				5BCDEF7E2D50FBCA00C2ADBC /* ActivationDetail.swift in Sources */,
				5BCDEF912D51023600C2ADBC /* SegmentAttributes.swift in Sources */,
				5BCDEF4C2D50FAB900C2ADBC /* sourcesync_sdk_ui_iosApp.swift in Sources */,
			);
			runOnlyForDeploymentPostprocessing = 0;
		};
		5BCDEF542D50FABC00C2ADBC /* Sources */ = {
			isa = PBXSourcesBuildPhase;
			buildActionMask = 2147483647;
			files = (
				5BCDEF5D2D50FABC00C2ADBC /* sourcesync_sdk_ui_iosTests.swift in Sources */,
			);
			runOnlyForDeploymentPostprocessing = 0;
		};
		5BCDEF5E2D50FABC00C2ADBC /* Sources */ = {
			isa = PBXSourcesBuildPhase;
			buildActionMask = 2147483647;
			files = (
				5BCDEF672D50FABC00C2ADBC /* sourcesync_sdk_ui_iosUITests.swift in Sources */,
				5BCDEF692D50FABC00C2ADBC /* sourcesync_sdk_ui_iosUITestsLaunchTests.swift in Sources */,
			);
			runOnlyForDeploymentPostprocessing = 0;
		};
/* End PBXSourcesBuildPhase section */

/* Begin PBXTargetDependency section */
		5BCDEF5A2D50FABC00C2ADBC /* PBXTargetDependency */ = {
			isa = PBXTargetDependency;
			target = 5BCDEF472D50FAB900C2ADBC /* sourcesync-sdk-ui-ios */;
			targetProxy = 5BCDEF592D50FABC00C2ADBC /* PBXContainerItemProxy */;
		};
		5BCDEF642D50FABC00C2ADBC /* PBXTargetDependency */ = {
			isa = PBXTargetDependency;
			target = 5BCDEF472D50FAB900C2ADBC /* sourcesync-sdk-ui-ios */;
			targetProxy = 5BCDEF632D50FABC00C2ADBC /* PBXContainerItemProxy */;
		};
/* End PBXTargetDependency section */

/* Begin XCBuildConfiguration section */
		5BCDEF6A2D50FABC00C2ADBC /* Debug */ = {
			isa = XCBuildConfiguration;
			buildSettings = {
				ALWAYS_SEARCH_USER_PATHS = NO;
				CLANG_ANALYZER_NONNULL = YES;
				CLANG_ANALYZER_NUMBER_OBJECT_CONVERSION = YES_AGGRESSIVE;
				CLANG_CXX_LANGUAGE_STANDARD = "gnu++20";
				CLANG_ENABLE_MODULES = YES;
				CLANG_ENABLE_OBJC_ARC = YES;
				CLANG_ENABLE_OBJC_WEAK = YES;
				CLANG_WARN_BLOCK_CAPTURE_AUTORELEASING = YES;
				CLANG_WARN_BOOL_CONVERSION = YES;
				CLANG_WARN_COMMA = YES;
				CLANG_WARN_CONSTANT_CONVERSION = YES;
				CLANG_WARN_DEPRECATED_OBJC_IMPLEMENTATIONS = YES;
				CLANG_WARN_DIRECT_OBJC_ISA_USAGE = YES_ERROR;
				CLANG_WARN_DOCUMENTATION_COMMENTS = YES;
				CLANG_WARN_EMPTY_BODY = YES;
				CLANG_WARN_ENUM_CONVERSION = YES;
				CLANG_WARN_INFINITE_RECURSION = YES;
				CLANG_WARN_INT_CONVERSION = YES;
				CLANG_WARN_NON_LITERAL_NULL_CONVERSION = YES;
				CLANG_WARN_OBJC_IMPLICIT_RETAIN_SELF = YES;
				CLANG_WARN_OBJC_LITERAL_CONVERSION = YES;
				CLANG_WARN_OBJC_ROOT_CLASS = YES_ERROR;
				CLANG_WARN_QUOTED_INCLUDE_IN_FRAMEWORK_HEADER = YES;
				CLANG_WARN_RANGE_LOOP_ANALYSIS = YES;
				CLANG_WARN_STRICT_PROTOTYPES = YES;
				CLANG_WARN_SUSPICIOUS_MOVE = YES;
				CLANG_WARN_UNGUARDED_AVAILABILITY = YES_AGGRESSIVE;
				CLANG_WARN_UNREACHABLE_CODE = YES;
				CLANG_WARN__DUPLICATE_METHOD_MATCH = YES;
				COPY_PHASE_STRIP = NO;
				DEBUG_INFORMATION_FORMAT = dwarf;
				ENABLE_STRICT_OBJC_MSGSEND = YES;
				ENABLE_TESTABILITY = YES;
				GCC_C_LANGUAGE_STANDARD = gnu11;
				GCC_DYNAMIC_NO_PIC = NO;
				GCC_NO_COMMON_BLOCKS = YES;
				GCC_OPTIMIZATION_LEVEL = 0;
				GCC_PREPROCESSOR_DEFINITIONS = (
					"DEBUG=1",
					"$(inherited)",
				);
				GCC_WARN_64_TO_32_BIT_CONVERSION = YES;
				GCC_WARN_ABOUT_RETURN_TYPE = YES_ERROR;
				GCC_WARN_UNDECLARED_SELECTOR = YES;
				GCC_WARN_UNINITIALIZED_AUTOS = YES_AGGRESSIVE;
				GCC_WARN_UNUSED_FUNCTION = YES;
				GCC_WARN_UNUSED_VARIABLE = YES;
				IPHONEOS_DEPLOYMENT_TARGET = 16.0;
				MTL_ENABLE_DEBUG_INFO = INCLUDE_SOURCE;
				MTL_FAST_MATH = YES;
				ONLY_ACTIVE_ARCH = YES;
				SDKROOT = iphoneos;
				SWIFT_ACTIVE_COMPILATION_CONDITIONS = DEBUG;
				SWIFT_OPTIMIZATION_LEVEL = "-Onone";
			};
			name = Debug;
		};
		5BCDEF6B2D50FABC00C2ADBC /* Release */ = {
			isa = XCBuildConfiguration;
			buildSettings = {
				ALWAYS_SEARCH_USER_PATHS = NO;
				CLANG_ANALYZER_NONNULL = YES;
				CLANG_ANALYZER_NUMBER_OBJECT_CONVERSION = YES_AGGRESSIVE;
				CLANG_CXX_LANGUAGE_STANDARD = "gnu++20";
				CLANG_ENABLE_MODULES = YES;
				CLANG_ENABLE_OBJC_ARC = YES;
				CLANG_ENABLE_OBJC_WEAK = YES;
				CLANG_WARN_BLOCK_CAPTURE_AUTORELEASING = YES;
				CLANG_WARN_BOOL_CONVERSION = YES;
				CLANG_WARN_COMMA = YES;
				CLANG_WARN_CONSTANT_CONVERSION = YES;
				CLANG_WARN_DEPRECATED_OBJC_IMPLEMENTATIONS = YES;
				CLANG_WARN_DIRECT_OBJC_ISA_USAGE = YES_ERROR;
				CLANG_WARN_DOCUMENTATION_COMMENTS = YES;
				CLANG_WARN_EMPTY_BODY = YES;
				CLANG_WARN_ENUM_CONVERSION = YES;
				CLANG_WARN_INFINITE_RECURSION = YES;
				CLANG_WARN_INT_CONVERSION = YES;
				CLANG_WARN_NON_LITERAL_NULL_CONVERSION = YES;
				CLANG_WARN_OBJC_IMPLICIT_RETAIN_SELF = YES;
				CLANG_WARN_OBJC_LITERAL_CONVERSION = YES;
				CLANG_WARN_OBJC_ROOT_CLASS = YES_ERROR;
				CLANG_WARN_QUOTED_INCLUDE_IN_FRAMEWORK_HEADER = YES;
				CLANG_WARN_RANGE_LOOP_ANALYSIS = YES;
				CLANG_WARN_STRICT_PROTOTYPES = YES;
				CLANG_WARN_SUSPICIOUS_MOVE = YES;
				CLANG_WARN_UNGUARDED_AVAILABILITY = YES_AGGRESSIVE;
				CLANG_WARN_UNREACHABLE_CODE = YES;
				CLANG_WARN__DUPLICATE_METHOD_MATCH = YES;
				COPY_PHASE_STRIP = NO;
				DEBUG_INFORMATION_FORMAT = "dwarf-with-dsym";
				ENABLE_NS_ASSERTIONS = NO;
				ENABLE_STRICT_OBJC_MSGSEND = YES;
				GCC_C_LANGUAGE_STANDARD = gnu11;
				GCC_NO_COMMON_BLOCKS = YES;
				GCC_WARN_64_TO_32_BIT_CONVERSION = YES;
				GCC_WARN_ABOUT_RETURN_TYPE = YES_ERROR;
				GCC_WARN_UNDECLARED_SELECTOR = YES;
				GCC_WARN_UNINITIALIZED_AUTOS = YES_AGGRESSIVE;
				GCC_WARN_UNUSED_FUNCTION = YES;
				GCC_WARN_UNUSED_VARIABLE = YES;
				IPHONEOS_DEPLOYMENT_TARGET = 16.0;
				MTL_ENABLE_DEBUG_INFO = NO;
				MTL_FAST_MATH = YES;
				SDKROOT = iphoneos;
				SWIFT_COMPILATION_MODE = wholemodule;
				SWIFT_OPTIMIZATION_LEVEL = "-O";
				VALIDATE_PRODUCT = YES;
			};
			name = Release;
		};
		5BCDEF6D2D50FABC00C2ADBC /* Debug */ = {
			isa = XCBuildConfiguration;
			buildSettings = {
				ASSETCATALOG_COMPILER_APPICON_NAME = AppIcon;
				ASSETCATALOG_COMPILER_GLOBAL_ACCENT_COLOR_NAME = AccentColor;
				CODE_SIGN_STYLE = Automatic;
				CURRENT_PROJECT_VERSION = 1;
				DEVELOPMENT_ASSET_PATHS = "\"sourcesync-sdk-ui-ios/Preview Content\"";
				ENABLE_PREVIEWS = YES;
				GENERATE_INFOPLIST_FILE = YES;
				INFOPLIST_KEY_UIApplicationSceneManifest_Generation = YES;
				INFOPLIST_KEY_UIApplicationSupportsIndirectInputEvents = YES;
				INFOPLIST_KEY_UILaunchScreen_Generation = YES;
				INFOPLIST_KEY_UISupportedInterfaceOrientations_iPad = "UIInterfaceOrientationPortrait UIInterfaceOrientationPortraitUpsideDown UIInterfaceOrientationLandscapeLeft UIInterfaceOrientationLandscapeRight";
				INFOPLIST_KEY_UISupportedInterfaceOrientations_iPhone = "UIInterfaceOrientationPortrait UIInterfaceOrientationLandscapeLeft UIInterfaceOrientationLandscapeRight";
				LD_RUNPATH_SEARCH_PATHS = (
					"$(inherited)",
					"@executable_path/Frameworks",
				);
				MARKETING_VERSION = 1.0;
				PRODUCT_BUNDLE_IDENTIFIER = "io.sourcesync-sdk-ui-ios";
				PRODUCT_NAME = "$(TARGET_NAME)";
				SWIFT_EMIT_LOC_STRINGS = YES;
				SWIFT_VERSION = 5.0;
				TARGETED_DEVICE_FAMILY = "1,2";
			};
			name = Debug;
		};
		5BCDEF6E2D50FABC00C2ADBC /* Release */ = {
			isa = XCBuildConfiguration;
			buildSettings = {
				ASSETCATALOG_COMPILER_APPICON_NAME = AppIcon;
				ASSETCATALOG_COMPILER_GLOBAL_ACCENT_COLOR_NAME = AccentColor;
				CODE_SIGN_STYLE = Automatic;
				CURRENT_PROJECT_VERSION = 1;
				DEVELOPMENT_ASSET_PATHS = "\"sourcesync-sdk-ui-ios/Preview Content\"";
				ENABLE_PREVIEWS = YES;
				GENERATE_INFOPLIST_FILE = YES;
				INFOPLIST_KEY_UIApplicationSceneManifest_Generation = YES;
				INFOPLIST_KEY_UIApplicationSupportsIndirectInputEvents = YES;
				INFOPLIST_KEY_UILaunchScreen_Generation = YES;
				INFOPLIST_KEY_UISupportedInterfaceOrientations_iPad = "UIInterfaceOrientationPortrait UIInterfaceOrientationPortraitUpsideDown UIInterfaceOrientationLandscapeLeft UIInterfaceOrientationLandscapeRight";
				INFOPLIST_KEY_UISupportedInterfaceOrientations_iPhone = "UIInterfaceOrientationPortrait UIInterfaceOrientationLandscapeLeft UIInterfaceOrientationLandscapeRight";
				LD_RUNPATH_SEARCH_PATHS = (
					"$(inherited)",
					"@executable_path/Frameworks",
				);
				MARKETING_VERSION = 1.0;
				PRODUCT_BUNDLE_IDENTIFIER = "io.sourcesync-sdk-ui-ios";
				PRODUCT_NAME = "$(TARGET_NAME)";
				SWIFT_EMIT_LOC_STRINGS = YES;
				SWIFT_VERSION = 5.0;
				TARGETED_DEVICE_FAMILY = "1,2";
			};
			name = Release;
		};
		5BCDEF702D50FABC00C2ADBC /* Debug */ = {
			isa = XCBuildConfiguration;
			buildSettings = {
				ALWAYS_EMBED_SWIFT_STANDARD_LIBRARIES = YES;
				BUNDLE_LOADER = "$(TEST_HOST)";
				CODE_SIGN_STYLE = Automatic;
				CURRENT_PROJECT_VERSION = 1;
				GENERATE_INFOPLIST_FILE = YES;
				IPHONEOS_DEPLOYMENT_TARGET = 16.0;
				MARKETING_VERSION = 1.0;
				PRODUCT_BUNDLE_IDENTIFIER = "io.sourcesync-sdk-ui-iosTests";
				PRODUCT_NAME = "$(TARGET_NAME)";
				SWIFT_EMIT_LOC_STRINGS = NO;
				SWIFT_VERSION = 5.0;
				TARGETED_DEVICE_FAMILY = "1,2";
				TEST_HOST = "$(BUILT_PRODUCTS_DIR)/sourcesync-sdk-ui-ios.app/$(BUNDLE_EXECUTABLE_FOLDER_PATH)/sourcesync-sdk-ui-ios";
			};
			name = Debug;
		};
		5BCDEF712D50FABC00C2ADBC /* Release */ = {
			isa = XCBuildConfiguration;
			buildSettings = {
				ALWAYS_EMBED_SWIFT_STANDARD_LIBRARIES = YES;
				BUNDLE_LOADER = "$(TEST_HOST)";
				CODE_SIGN_STYLE = Automatic;
				CURRENT_PROJECT_VERSION = 1;
				GENERATE_INFOPLIST_FILE = YES;
				IPHONEOS_DEPLOYMENT_TARGET = 16.0;
				MARKETING_VERSION = 1.0;
				PRODUCT_BUNDLE_IDENTIFIER = "io.sourcesync-sdk-ui-iosTests";
				PRODUCT_NAME = "$(TARGET_NAME)";
				SWIFT_EMIT_LOC_STRINGS = NO;
				SWIFT_VERSION = 5.0;
				TARGETED_DEVICE_FAMILY = "1,2";
				TEST_HOST = "$(BUILT_PRODUCTS_DIR)/sourcesync-sdk-ui-ios.app/$(BUNDLE_EXECUTABLE_FOLDER_PATH)/sourcesync-sdk-ui-ios";
			};
			name = Release;
		};
		5BCDEF732D50FABC00C2ADBC /* Debug */ = {
			isa = XCBuildConfiguration;
			buildSettings = {
				ALWAYS_EMBED_SWIFT_STANDARD_LIBRARIES = YES;
				CODE_SIGN_STYLE = Automatic;
				CURRENT_PROJECT_VERSION = 1;
				GENERATE_INFOPLIST_FILE = YES;
				MARKETING_VERSION = 1.0;
				PRODUCT_BUNDLE_IDENTIFIER = "io.sourcesync-sdk-ui-iosUITests";
				PRODUCT_NAME = "$(TARGET_NAME)";
				SWIFT_EMIT_LOC_STRINGS = NO;
				SWIFT_VERSION = 5.0;
				TARGETED_DEVICE_FAMILY = "1,2";
				TEST_TARGET_NAME = "sourcesync-sdk-ui-ios";
			};
			name = Debug;
		};
		5BCDEF742D50FABC00C2ADBC /* Release */ = {
			isa = XCBuildConfiguration;
			buildSettings = {
				ALWAYS_EMBED_SWIFT_STANDARD_LIBRARIES = YES;
				CODE_SIGN_STYLE = Automatic;
				CURRENT_PROJECT_VERSION = 1;
				GENERATE_INFOPLIST_FILE = YES;
				MARKETING_VERSION = 1.0;
				PRODUCT_BUNDLE_IDENTIFIER = "io.sourcesync-sdk-ui-iosUITests";
				PRODUCT_NAME = "$(TARGET_NAME)";
				SWIFT_EMIT_LOC_STRINGS = NO;
				SWIFT_VERSION = 5.0;
				TARGETED_DEVICE_FAMILY = "1,2";
				TEST_TARGET_NAME = "sourcesync-sdk-ui-ios";
			};
			name = Release;
		};
/* End XCBuildConfiguration section */

/* Begin XCConfigurationList section */
		5BCDEF432D50FAB900C2ADBC /* Build configuration list for PBXProject "sourcesync-sdk-ui-ios" */ = {
			isa = XCConfigurationList;
			buildConfigurations = (
				5BCDEF6A2D50FABC00C2ADBC /* Debug */,
				5BCDEF6B2D50FABC00C2ADBC /* Release */,
			);
			defaultConfigurationIsVisible = 0;
			defaultConfigurationName = Release;
		};
		5BCDEF6C2D50FABC00C2ADBC /* Build configuration list for PBXNativeTarget "sourcesync-sdk-ui-ios" */ = {
			isa = XCConfigurationList;
			buildConfigurations = (
				5BCDEF6D2D50FABC00C2ADBC /* Debug */,
				5BCDEF6E2D50FABC00C2ADBC /* Release */,
			);
			defaultConfigurationIsVisible = 0;
			defaultConfigurationName = Release;
		};
		5BCDEF6F2D50FABC00C2ADBC /* Build configuration list for PBXNativeTarget "sourcesync-sdk-ui-iosTests" */ = {
			isa = XCConfigurationList;
			buildConfigurations = (
				5BCDEF702D50FABC00C2ADBC /* Debug */,
				5BCDEF712D50FABC00C2ADBC /* Release */,
			);
			defaultConfigurationIsVisible = 0;
			defaultConfigurationName = Release;
		};
		5BCDEF722D50FABC00C2ADBC /* Build configuration list for PBXNativeTarget "sourcesync-sdk-ui-iosUITests" */ = {
			isa = XCConfigurationList;
			buildConfigurations = (
				5BCDEF732D50FABC00C2ADBC /* Debug */,
				5BCDEF742D50FABC00C2ADBC /* Release */,
			);
			defaultConfigurationIsVisible = 0;
			defaultConfigurationName = Release;
		};
/* End XCConfigurationList section */
	};
	rootObject = 5BCDEF402D50FAB900C2ADBC /* Project object */;
}
